
Microsoft Visual Studio Solution File, Format Version 12.00
# Visual Studio Version 16
VisualStudioVersion = 16.0.31515.178
MinimumVisualStudioVersion = 10.0.40219.1
Project("{FAE04EC0-301F-11D3-BF4B-00C04F79EFBC}") = "BasicBlockChainDemo", "BasicBlockChainDemo\BasicBlockChainDemo.csproj", "{B9436030-0CB9-44ED-B87E-B6094BD2AD64}"
EndProject
Global
	GlobalSection(SolutionConfigurationPlatforms) = preSolution
		Debug|Any CPU = Debug|Any CPU
		Release|Any CPU = Release|Any CPU
	EndGlobalSection
	GlobalSection(ProjectConfigurationPlatforms) = postSolution
		{B9436030-0CB9-44ED-B87E-B6094BD2AD64}.Debug|Any CPU.ActiveCfg = Debug|Any CPU
		{B9436030-0CB9-44ED-B87E-B6094BD2AD64}.Debug|Any CPU.Build.0 = Debug|Any CPU
		{B9436030-0CB9-44ED-B87E-B6094BD2AD64}.Release|Any CPU.ActiveCfg = Release|Any CPU
		{B9436030-0CB9-44ED-B87E-B6094BD2AD64}.Release|Any CPU.Build.0 = Release|Any CPU
	EndGlobalSection
	GlobalSection(SolutionProperties) = preSolution
		HideSolutionNode = FALSE
	EndGlobalSection
	GlobalSection(ExtensibilityGlobals) = postSolution
		SolutionGuid = {81762580-8189-4385-821B-B96C92DB516F}
	EndGlobalSection
EndGlobal
